
Microsoft Visual Studio Solution File, Format Version 12.00
# Visual Studio Version 16
VisualStudioVersion = 16.0.29306.81
MinimumVisualStudioVersion = 10.0.40219.1
Project("{FAE04EC0-301F-11D3-BF4B-00C04F79EFBC}") = "Web", "Web\Web.csproj", "{A86045E4-AB6F-488A-9B2E-E5958EB5D053}"
EndProject
Project("{FAE04EC0-301F-11D3-BF4B-00C04F79EFBC}") = "Data", "Data\Data.csproj", "{30B41FD3-C7D3-4C56-88DD-F5EF3EF62A7C}"
EndProject
Project("{FAE04EC0-301F-11D3-BF4B-00C04F79EFBC}") = "Service", "Service\Service.csproj", "{5C4D0AD9-D11C-4A7A-A8AF-1254ECE6D6A8}"
EndProject
Global
	GlobalSection(SolutionConfigurationPlatforms) = preSolution
		Debug|Any CPU = Debug|Any CPU
		Release|Any CPU = Release|Any CPU
	EndGlobalSection
	GlobalSection(ProjectConfigurationPlatforms) = postSolution
		{A86045E4-AB6F-488A-9B2E-E5958EB5D053}.Debug|Any CPU.ActiveCfg = Debug|Any CPU
		{A86045E4-AB6F-488A-9B2E-E5958EB5D053}.Debug|Any CPU.Build.0 = Debug|Any CPU
		{A86045E4-AB6F-488A-9B2E-E5958EB5D053}.Release|Any CPU.ActiveCfg = Release|Any CPU
		{A86045E4-AB6F-488A-9B2E-E5958EB5D053}.Release|Any CPU.Build.0 = Release|Any CPU
		{30B41FD3-C7D3-4C56-88DD-F5EF3EF62A7C}.Debug|Any CPU.ActiveCfg = Debug|Any CPU
		{30B41FD3-C7D3-4C56-88DD-F5EF3EF62A7C}.Debug|Any CPU.Build.0 = Debug|Any CPU
		{30B41FD3-C7D3-4C56-88DD-F5EF3EF62A7C}.Release|Any CPU.ActiveCfg = Release|Any CPU
		{30B41FD3-C7D3-4C56-88DD-F5EF3EF62A7C}.Release|Any CPU.Build.0 = Release|Any CPU
		{5C4D0AD9-D11C-4A7A-A8AF-1254ECE6D6A8}.Debug|Any CPU.ActiveCfg = Debug|Any CPU
		{5C4D0AD9-D11C-4A7A-A8AF-1254ECE6D6A8}.Debug|Any CPU.Build.0 = Debug|Any CPU
		{5C4D0AD9-D11C-4A7A-A8AF-1254ECE6D6A8}.Release|Any CPU.ActiveCfg = Release|Any CPU
		{5C4D0AD9-D11C-4A7A-A8AF-1254ECE6D6A8}.Release|Any CPU.Build.0 = Release|Any CPU
	EndGlobalSection
	GlobalSection(SolutionProperties) = preSolution
		HideSolutionNode = FALSE
	EndGlobalSection
	GlobalSection(ExtensibilityGlobals) = postSolution
		SolutionGuid = {C0D971D3-0B64-47A3-8DF5-15D0669E943E}
	EndGlobalSection
EndGlobal
